// !$*UTF8*$!
{
	archiveVersion = 1;
	classes = {
	};
	objectVersion = 46;
	objects = {

/* Begin PBXBuildFile section */
		E93AB3E51D77EF5D00A01135 /* AppDelegate.swift in Sources */ = {isa = PBXBuildFile; fileRef = E93AB3E41D77EF5D00A01135 /* AppDelegate.swift */; };
		E93AB3EA1D77EF5D00A01135 /* Main.storyboard in Resources */ = {isa = PBXBuildFile; fileRef = E93AB3E81D77EF5D00A01135 /* Main.storyboard */; };
		E93AB3EC1D77EF5D00A01135 /* Assets.xcassets in Resources */ = {isa = PBXBuildFile; fileRef = E93AB3EB1D77EF5D00A01135 /* Assets.xcassets */; };
		E93AB3FA1D77EF5D00A01135 /* OnTheMapTests.swift in Sources */ = {isa = PBXBuildFile; fileRef = E93AB3F91D77EF5D00A01135 /* OnTheMapTests.swift */; };
		E93AB4051D77EF5D00A01135 /* OnTheMapUITests.swift in Sources */ = {isa = PBXBuildFile; fileRef = E93AB4041D77EF5D00A01135 /* OnTheMapUITests.swift */; };
		E93AB4181D79192400A01135 /* LaunchScreen.xib in Resources */ = {isa = PBXBuildFile; fileRef = E93AB4171D79192400A01135 /* LaunchScreen.xib */; };
		E93AB41A1D79250100A01135 /* LoginViewController.swift in Sources */ = {isa = PBXBuildFile; fileRef = E93AB4191D79250100A01135 /* LoginViewController.swift */; };
		E967A87E1D7B8B19003B4DB5 /* AppConvenience.swift in Sources */ = {isa = PBXBuildFile; fileRef = E967A87D1D7B8B19003B4DB5 /* AppConvenience.swift */; };
		E967A8811D7B8C64003B4DB5 /* UdacityClient.swift in Sources */ = {isa = PBXBuildFile; fileRef = E967A8801D7B8C64003B4DB5 /* UdacityClient.swift */; };
		E967A8831D7B8CAA003B4DB5 /* UdacityConstants.swift in Sources */ = {isa = PBXBuildFile; fileRef = E967A8821D7B8CAA003B4DB5 /* UdacityConstants.swift */; };
		E967A8871D7E1707003B4DB5 /* RequestTasksProtocol.swift in Sources */ = {isa = PBXBuildFile; fileRef = E967A8861D7E1707003B4DB5 /* RequestTasksProtocol.swift */; };
		E9E4CB851D88F1BE000BDC7C /* TableViewController.swift in Sources */ = {isa = PBXBuildFile; fileRef = E9E4CB841D88F1BE000BDC7C /* TableViewController.swift */; };
		E9E4CB871D891C94000BDC7C /* MapViewController.swift in Sources */ = {isa = PBXBuildFile; fileRef = E9E4CB861D891C94000BDC7C /* MapViewController.swift */; };
		E9E4CB8B1D8A373E000BDC7C /* TabBarController.swift in Sources */ = {isa = PBXBuildFile; fileRef = E9E4CB8A1D8A373E000BDC7C /* TabBarController.swift */; };
		E9E4CB8D1D8A5370000BDC7C /* AppConstants.swift in Sources */ = {isa = PBXBuildFile; fileRef = E9E4CB8C1D8A5370000BDC7C /* AppConstants.swift */; };
		E9FA5D591D86685400225280 /* UdacityConvenience.swift in Sources */ = {isa = PBXBuildFile; fileRef = E9FA5D581D86685400225280 /* UdacityConvenience.swift */; };
		E9FA5D5B1D866E7900225280 /* WebAuthViewController.swift in Sources */ = {isa = PBXBuildFile; fileRef = E9FA5D5A1D866E7900225280 /* WebAuthViewController.swift */; };
		E9FA5D5E1D86827500225280 /* ParseClient.swift in Sources */ = {isa = PBXBuildFile; fileRef = E9FA5D5D1D86827500225280 /* ParseClient.swift */; };
		E9FA5D601D879BD300225280 /* ParseConstants.swift in Sources */ = {isa = PBXBuildFile; fileRef = E9FA5D5F1D879BD300225280 /* ParseConstants.swift */; };
		E9FA5D621D879DB500225280 /* StudentLocationStruct.swift in Sources */ = {isa = PBXBuildFile; fileRef = E9FA5D611D879DB500225280 /* StudentLocationStruct.swift */; };
		E9FA5D641D87A56600225280 /* ParseConvenience.swift in Sources */ = {isa = PBXBuildFile; fileRef = E9FA5D631D87A56600225280 /* ParseConvenience.swift */; };
/* End PBXBuildFile section */

/* Begin PBXContainerItemProxy section */
		E93AB3F61D77EF5D00A01135 /* PBXContainerItemProxy */ = {
			isa = PBXContainerItemProxy;
			containerPortal = E93AB3D91D77EF5D00A01135 /* Project object */;
			proxyType = 1;
			remoteGlobalIDString = E93AB3E01D77EF5D00A01135;
			remoteInfo = OnTheMap;
		};
		E93AB4011D77EF5D00A01135 /* PBXContainerItemProxy */ = {
			isa = PBXContainerItemProxy;
			containerPortal = E93AB3D91D77EF5D00A01135 /* Project object */;
			proxyType = 1;
			remoteGlobalIDString = E93AB3E01D77EF5D00A01135;
			remoteInfo = OnTheMap;
		};
/* End PBXContainerItemProxy section */

/* Begin PBXFileReference section */
		E93AB3E11D77EF5D00A01135 /* OnTheMap.app */ = {isa = PBXFileReference; explicitFileType = wrapper.application; includeInIndex = 0; path = OnTheMap.app; sourceTree = BUILT_PRODUCTS_DIR; };
		E93AB3E41D77EF5D00A01135 /* AppDelegate.swift */ = {isa = PBXFileReference; lastKnownFileType = sourcecode.swift; path = AppDelegate.swift; sourceTree = "<group>"; };
		E93AB3E91D77EF5D00A01135 /* Base */ = {isa = PBXFileReference; lastKnownFileType = file.storyboard; name = Base; path = Base.lproj/Main.storyboard; sourceTree = "<group>"; };
		E93AB3EB1D77EF5D00A01135 /* Assets.xcassets */ = {isa = PBXFileReference; lastKnownFileType = folder.assetcatalog; path = Assets.xcassets; sourceTree = "<group>"; };
		E93AB3F01D77EF5D00A01135 /* Info.plist */ = {isa = PBXFileReference; lastKnownFileType = text.plist.xml; path = Info.plist; sourceTree = "<group>"; };
		E93AB3F51D77EF5D00A01135 /* OnTheMapTests.xctest */ = {isa = PBXFileReference; explicitFileType = wrapper.cfbundle; includeInIndex = 0; path = OnTheMapTests.xctest; sourceTree = BUILT_PRODUCTS_DIR; };
		E93AB3F91D77EF5D00A01135 /* OnTheMapTests.swift */ = {isa = PBXFileReference; lastKnownFileType = sourcecode.swift; path = OnTheMapTests.swift; sourceTree = "<group>"; };
		E93AB3FB1D77EF5D00A01135 /* Info.plist */ = {isa = PBXFileReference; lastKnownFileType = text.plist.xml; path = Info.plist; sourceTree = "<group>"; };
		E93AB4001D77EF5D00A01135 /* OnTheMapUITests.xctest */ = {isa = PBXFileReference; explicitFileType = wrapper.cfbundle; includeInIndex = 0; path = OnTheMapUITests.xctest; sourceTree = BUILT_PRODUCTS_DIR; };
		E93AB4041D77EF5D00A01135 /* OnTheMapUITests.swift */ = {isa = PBXFileReference; lastKnownFileType = sourcecode.swift; path = OnTheMapUITests.swift; sourceTree = "<group>"; };
		E93AB4061D77EF5D00A01135 /* Info.plist */ = {isa = PBXFileReference; lastKnownFileType = text.plist.xml; path = Info.plist; sourceTree = "<group>"; };
		E93AB4171D79192400A01135 /* LaunchScreen.xib */ = {isa = PBXFileReference; fileEncoding = 4; lastKnownFileType = file.xib; path = LaunchScreen.xib; sourceTree = "<group>"; };
		E93AB4191D79250100A01135 /* LoginViewController.swift */ = {isa = PBXFileReference; fileEncoding = 4; lastKnownFileType = sourcecode.swift; path = LoginViewController.swift; sourceTree = "<group>"; };
		E967A87D1D7B8B19003B4DB5 /* AppConvenience.swift */ = {isa = PBXFileReference; fileEncoding = 4; lastKnownFileType = sourcecode.swift; path = AppConvenience.swift; sourceTree = "<group>"; };
		E967A8801D7B8C64003B4DB5 /* UdacityClient.swift */ = {isa = PBXFileReference; fileEncoding = 4; lastKnownFileType = sourcecode.swift; path = UdacityClient.swift; sourceTree = "<group>"; };
		E967A8821D7B8CAA003B4DB5 /* UdacityConstants.swift */ = {isa = PBXFileReference; fileEncoding = 4; lastKnownFileType = sourcecode.swift; path = UdacityConstants.swift; sourceTree = "<group>"; };
		E967A8861D7E1707003B4DB5 /* RequestTasksProtocol.swift */ = {isa = PBXFileReference; fileEncoding = 4; lastKnownFileType = sourcecode.swift; path = RequestTasksProtocol.swift; sourceTree = "<group>"; };
		E9E4CB841D88F1BE000BDC7C /* TableViewController.swift */ = {isa = PBXFileReference; fileEncoding = 4; lastKnownFileType = sourcecode.swift; path = TableViewController.swift; sourceTree = "<group>"; };
		E9E4CB861D891C94000BDC7C /* MapViewController.swift */ = {isa = PBXFileReference; fileEncoding = 4; lastKnownFileType = sourcecode.swift; path = MapViewController.swift; sourceTree = "<group>"; };
		E9E4CB8A1D8A373E000BDC7C /* TabBarController.swift */ = {isa = PBXFileReference; fileEncoding = 4; lastKnownFileType = sourcecode.swift; path = TabBarController.swift; sourceTree = "<group>"; };
		E9E4CB8C1D8A5370000BDC7C /* AppConstants.swift */ = {isa = PBXFileReference; fileEncoding = 4; lastKnownFileType = sourcecode.swift; path = AppConstants.swift; sourceTree = "<group>"; };
		E9FA5D581D86685400225280 /* UdacityConvenience.swift */ = {isa = PBXFileReference; fileEncoding = 4; lastKnownFileType = sourcecode.swift; path = UdacityConvenience.swift; sourceTree = "<group>"; };
		E9FA5D5A1D866E7900225280 /* WebAuthViewController.swift */ = {isa = PBXFileReference; fileEncoding = 4; lastKnownFileType = sourcecode.swift; path = WebAuthViewController.swift; sourceTree = "<group>"; };
		E9FA5D5D1D86827500225280 /* ParseClient.swift */ = {isa = PBXFileReference; fileEncoding = 4; lastKnownFileType = sourcecode.swift; path = ParseClient.swift; sourceTree = "<group>"; };
		E9FA5D5F1D879BD300225280 /* ParseConstants.swift */ = {isa = PBXFileReference; fileEncoding = 4; lastKnownFileType = sourcecode.swift; path = ParseConstants.swift; sourceTree = "<group>"; };
		E9FA5D611D879DB500225280 /* StudentLocationStruct.swift */ = {isa = PBXFileReference; fileEncoding = 4; lastKnownFileType = sourcecode.swift; path = StudentLocationStruct.swift; sourceTree = "<group>"; };
		E9FA5D631D87A56600225280 /* ParseConvenience.swift */ = {isa = PBXFileReference; fileEncoding = 4; lastKnownFileType = sourcecode.swift; path = ParseConvenience.swift; sourceTree = "<group>"; };
/* End PBXFileReference section */

/* Begin PBXFrameworksBuildPhase section */
		E93AB3DE1D77EF5D00A01135 /* Frameworks */ = {
			isa = PBXFrameworksBuildPhase;
			buildActionMask = 2147483647;
			files = (
			);
			runOnlyForDeploymentPostprocessing = 0;
		};
		E93AB3F21D77EF5D00A01135 /* Frameworks */ = {
			isa = PBXFrameworksBuildPhase;
			buildActionMask = 2147483647;
			files = (
			);
			runOnlyForDeploymentPostprocessing = 0;
		};
		E93AB3FD1D77EF5D00A01135 /* Frameworks */ = {
			isa = PBXFrameworksBuildPhase;
			buildActionMask = 2147483647;
			files = (
			);
			runOnlyForDeploymentPostprocessing = 0;
		};
/* End PBXFrameworksBuildPhase section */

/* Begin PBXGroup section */
		E93AB3D81D77EF5D00A01135 = {
			isa = PBXGroup;
			children = (
				E93AB3E31D77EF5D00A01135 /* OnTheMap */,
				E93AB3F81D77EF5D00A01135 /* OnTheMapTests */,
				E93AB4031D77EF5D00A01135 /* OnTheMapUITests */,
				E93AB3E21D77EF5D00A01135 /* Products */,
			);
			sourceTree = "<group>";
		};
		E93AB3E21D77EF5D00A01135 /* Products */ = {
			isa = PBXGroup;
			children = (
				E93AB3E11D77EF5D00A01135 /* OnTheMap.app */,
				E93AB3F51D77EF5D00A01135 /* OnTheMapTests.xctest */,
				E93AB4001D77EF5D00A01135 /* OnTheMapUITests.xctest */,
			);
			name = Products;
			sourceTree = "<group>";
		};
		E93AB3E31D77EF5D00A01135 /* OnTheMap */ = {
			isa = PBXGroup;
			children = (
				E93AB3E41D77EF5D00A01135 /* AppDelegate.swift */,
				E9E4CB8C1D8A5370000BDC7C /* AppConstants.swift */,
				E967A87D1D7B8B19003B4DB5 /* AppConvenience.swift */,
				E93AB4121D79172300A01135 /* Model */,
				E93AB4131D79172A00A01135 /* View */,
				E93AB4141D79173000A01135 /* Controller */,
				E93AB4151D79174200A01135 /* Assets */,
				E93AB4161D79176100A01135 /* Supporting Files */,
			);
			path = OnTheMap;
			sourceTree = "<group>";
		};
		E93AB3F81D77EF5D00A01135 /* OnTheMapTests */ = {
			isa = PBXGroup;
			children = (
				E93AB3F91D77EF5D00A01135 /* OnTheMapTests.swift */,
				E93AB3FB1D77EF5D00A01135 /* Info.plist */,
			);
			path = OnTheMapTests;
			sourceTree = "<group>";
		};
		E93AB4031D77EF5D00A01135 /* OnTheMapUITests */ = {
			isa = PBXGroup;
			children = (
				E93AB4041D77EF5D00A01135 /* OnTheMapUITests.swift */,
				E93AB4061D77EF5D00A01135 /* Info.plist */,
			);
			path = OnTheMapUITests;
			sourceTree = "<group>";
		};
		E93AB4121D79172300A01135 /* Model */ = {
			isa = PBXGroup;
			children = (
				E967A8861D7E1707003B4DB5 /* RequestTasksProtocol.swift */,
				E967A87F1D7B8C4E003B4DB5 /* Udacity */,
				E9FA5D5C1D86825000225280 /* Parse */,
			);
			name = Model;
			sourceTree = "<group>";
		};
		E93AB4131D79172A00A01135 /* View */ = {
			isa = PBXGroup;
			children = (
			);
			name = View;
			sourceTree = "<group>";
		};
		E93AB4141D79173000A01135 /* Controller */ = {
			isa = PBXGroup;
			children = (
				E93AB4191D79250100A01135 /* LoginViewController.swift */,
				E9FA5D5A1D866E7900225280 /* WebAuthViewController.swift */,
				E9E4CB861D891C94000BDC7C /* MapViewController.swift */,
				E9E4CB841D88F1BE000BDC7C /* TableViewController.swift */,
				E9E4CB8A1D8A373E000BDC7C /* TabBarController.swift */,
			);
			name = Controller;
			sourceTree = "<group>";
		};
		E93AB4151D79174200A01135 /* Assets */ = {
			isa = PBXGroup;
			children = (
				E93AB4171D79192400A01135 /* LaunchScreen.xib */,
				E93AB3E81D77EF5D00A01135 /* Main.storyboard */,
				E93AB3EB1D77EF5D00A01135 /* Assets.xcassets */,
			);
			name = Assets;
			sourceTree = "<group>";
		};
		E93AB4161D79176100A01135 /* Supporting Files */ = {
			isa = PBXGroup;
			children = (
				E93AB3F01D77EF5D00A01135 /* Info.plist */,
			);
			name = "Supporting Files";
			sourceTree = "<group>";
		};
		E967A87F1D7B8C4E003B4DB5 /* Udacity */ = {
			isa = PBXGroup;
			children = (
				E967A8801D7B8C64003B4DB5 /* UdacityClient.swift */,
				E967A8821D7B8CAA003B4DB5 /* UdacityConstants.swift */,
				E9FA5D581D86685400225280 /* UdacityConvenience.swift */,
			);
			name = Udacity;
			sourceTree = "<group>";
		};
		E9FA5D5C1D86825000225280 /* Parse */ = {
			isa = PBXGroup;
			children = (
				E9FA5D611D879DB500225280 /* StudentLocationStruct.swift */,
				E9FA5D5D1D86827500225280 /* ParseClient.swift */,
				E9FA5D5F1D879BD300225280 /* ParseConstants.swift */,
				E9FA5D631D87A56600225280 /* ParseConvenience.swift */,
			);
			name = Parse;
			sourceTree = "<group>";
		};
/* End PBXGroup section */

/* Begin PBXNativeTarget section */
		E93AB3E01D77EF5D00A01135 /* OnTheMap */ = {
			isa = PBXNativeTarget;
			buildConfigurationList = E93AB4091D77EF5D00A01135 /* Build configuration list for PBXNativeTarget "OnTheMap" */;
			buildPhases = (
				E93AB3DD1D77EF5D00A01135 /* Sources */,
				E93AB3DE1D77EF5D00A01135 /* Frameworks */,
				E93AB3DF1D77EF5D00A01135 /* Resources */,
			);
			buildRules = (
			);
			dependencies = (
			);
			name = OnTheMap;
			productName = OnTheMap;
			productReference = E93AB3E11D77EF5D00A01135 /* OnTheMap.app */;
			productType = "com.apple.product-type.application";
		};
		E93AB3F41D77EF5D00A01135 /* OnTheMapTests */ = {
			isa = PBXNativeTarget;
			buildConfigurationList = E93AB40C1D77EF5D00A01135 /* Build configuration list for PBXNativeTarget "OnTheMapTests" */;
			buildPhases = (
				E93AB3F11D77EF5D00A01135 /* Sources */,
				E93AB3F21D77EF5D00A01135 /* Frameworks */,
				E93AB3F31D77EF5D00A01135 /* Resources */,
			);
			buildRules = (
			);
			dependencies = (
				E93AB3F71D77EF5D00A01135 /* PBXTargetDependency */,
			);
			name = OnTheMapTests;
			productName = OnTheMapTests;
			productReference = E93AB3F51D77EF5D00A01135 /* OnTheMapTests.xctest */;
			productType = "com.apple.product-type.bundle.unit-test";
		};
		E93AB3FF1D77EF5D00A01135 /* OnTheMapUITests */ = {
			isa = PBXNativeTarget;
			buildConfigurationList = E93AB40F1D77EF5D00A01135 /* Build configuration list for PBXNativeTarget "OnTheMapUITests" */;
			buildPhases = (
				E93AB3FC1D77EF5D00A01135 /* Sources */,
				E93AB3FD1D77EF5D00A01135 /* Frameworks */,
				E93AB3FE1D77EF5D00A01135 /* Resources */,
			);
			buildRules = (
			);
			dependencies = (
				E93AB4021D77EF5D00A01135 /* PBXTargetDependency */,
			);
			name = OnTheMapUITests;
			productName = OnTheMapUITests;
			productReference = E93AB4001D77EF5D00A01135 /* OnTheMapUITests.xctest */;
			productType = "com.apple.product-type.bundle.ui-testing";
		};
/* End PBXNativeTarget section */

/* Begin PBXProject section */
		E93AB3D91D77EF5D00A01135 /* Project object */ = {
			isa = PBXProject;
			attributes = {
				LastSwiftUpdateCheck = 0730;
				LastUpgradeCheck = 0800;
				ORGANIZATIONNAME = Myang;
				TargetAttributes = {
					E93AB3E01D77EF5D00A01135 = {
						CreatedOnToolsVersion = 7.3;
						DevelopmentTeam = WG7HYH9JN3;
						LastSwiftMigration = 0800;
					};
					E93AB3F41D77EF5D00A01135 = {
						CreatedOnToolsVersion = 7.3;
						DevelopmentTeam = WG7HYH9JN3;
						LastSwiftMigration = 0800;
						TestTargetID = E93AB3E01D77EF5D00A01135;
					};
					E93AB3FF1D77EF5D00A01135 = {
						CreatedOnToolsVersion = 7.3;
						DevelopmentTeam = WG7HYH9JN3;
						LastSwiftMigration = 0800;
						TestTargetID = E93AB3E01D77EF5D00A01135;
					};
				};
			};
			buildConfigurationList = E93AB3DC1D77EF5D00A01135 /* Build configuration list for PBXProject "OnTheMap" */;
			compatibilityVersion = "Xcode 3.2";
			developmentRegion = English;
			hasScannedForEncodings = 0;
			knownRegions = (
				en,
				Base,
			);
			mainGroup = E93AB3D81D77EF5D00A01135;
			productRefGroup = E93AB3E21D77EF5D00A01135 /* Products */;
			projectDirPath = "";
			projectRoot = "";
			targets = (
				E93AB3E01D77EF5D00A01135 /* OnTheMap */,
				E93AB3F41D77EF5D00A01135 /* OnTheMapTests */,
				E93AB3FF1D77EF5D00A01135 /* OnTheMapUITests */,
			);
		};
/* End PBXProject section */

/* Begin PBXResourcesBuildPhase section */
		E93AB3DF1D77EF5D00A01135 /* Resources */ = {
			isa = PBXResourcesBuildPhase;
			buildActionMask = 2147483647;
			files = (
				E93AB4181D79192400A01135 /* LaunchScreen.xib in Resources */,
				E93AB3EC1D77EF5D00A01135 /* Assets.xcassets in Resources */,
				E93AB3EA1D77EF5D00A01135 /* Main.storyboard in Resources */,
			);
			runOnlyForDeploymentPostprocessing = 0;
		};
		E93AB3F31D77EF5D00A01135 /* Resources */ = {
			isa = PBXResourcesBuildPhase;
			buildActionMask = 2147483647;
			files = (
			);
			runOnlyForDeploymentPostprocessing = 0;
		};
		E93AB3FE1D77EF5D00A01135 /* Resources */ = {
			isa = PBXResourcesBuildPhase;
			buildActionMask = 2147483647;
			files = (
			);
			runOnlyForDeploymentPostprocessing = 0;
		};
/* End PBXResourcesBuildPhase section */

/* Begin PBXSourcesBuildPhase section */
		E93AB3DD1D77EF5D00A01135 /* Sources */ = {
			isa = PBXSourcesBuildPhase;
			buildActionMask = 2147483647;
			files = (
				E9FA5D5E1D86827500225280 /* ParseClient.swift in Sources */,
				E9FA5D641D87A56600225280 /* ParseConvenience.swift in Sources */,
				E9E4CB851D88F1BE000BDC7C /* TableViewController.swift in Sources */,
				E9E4CB8B1D8A373E000BDC7C /* TabBarController.swift in Sources */,
				E967A8811D7B8C64003B4DB5 /* UdacityClient.swift in Sources */,
				E967A8831D7B8CAA003B4DB5 /* UdacityConstants.swift in Sources */,
				E9FA5D601D879BD300225280 /* ParseConstants.swift in Sources */,
				E93AB41A1D79250100A01135 /* LoginViewController.swift in Sources */,
				E967A87E1D7B8B19003B4DB5 /* AppConvenience.swift in Sources */,
				E967A8871D7E1707003B4DB5 /* RequestTasksProtocol.swift in Sources */,
				E9FA5D5B1D866E7900225280 /* WebAuthViewController.swift in Sources */,
				E9E4CB8D1D8A5370000BDC7C /* AppConstants.swift in Sources */,
				E9FA5D591D86685400225280 /* UdacityConvenience.swift in Sources */,
				E9FA5D621D879DB500225280 /* StudentLocationStruct.swift in Sources */,
				E93AB3E51D77EF5D00A01135 /* AppDelegate.swift in Sources */,
				E9E4CB871D891C94000BDC7C /* MapViewController.swift in Sources */,
			);
			runOnlyForDeploymentPostprocessing = 0;
		};
		E93AB3F11D77EF5D00A01135 /* Sources */ = {
			isa = PBXSourcesBuildPhase;
			buildActionMask = 2147483647;
			files = (
				E93AB3FA1D77EF5D00A01135 /* OnTheMapTests.swift in Sources */,
			);
			runOnlyForDeploymentPostprocessing = 0;
		};
		E93AB3FC1D77EF5D00A01135 /* Sources */ = {
			isa = PBXSourcesBuildPhase;
			buildActionMask = 2147483647;
			files = (
				E93AB4051D77EF5D00A01135 /* OnTheMapUITests.swift in Sources */,
			);
			runOnlyForDeploymentPostprocessing = 0;
		};
/* End PBXSourcesBuildPhase section */

/* Begin PBXTargetDependency section */
		E93AB3F71D77EF5D00A01135 /* PBXTargetDependency */ = {
			isa = PBXTargetDependency;
			target = E93AB3E01D77EF5D00A01135 /* OnTheMap */;
			targetProxy = E93AB3F61D77EF5D00A01135 /* PBXContainerItemProxy */;
		};
		E93AB4021D77EF5D00A01135 /* PBXTargetDependency */ = {
			isa = PBXTargetDependency;
			target = E93AB3E01D77EF5D00A01135 /* OnTheMap */;
			targetProxy = E93AB4011D77EF5D00A01135 /* PBXContainerItemProxy */;
		};
/* End PBXTargetDependency section */

/* Begin PBXVariantGroup section */
		E93AB3E81D77EF5D00A01135 /* Main.storyboard */ = {
			isa = PBXVariantGroup;
			children = (
				E93AB3E91D77EF5D00A01135 /* Base */,
			);
			name = Main.storyboard;
			sourceTree = "<group>";
		};
/* End PBXVariantGroup section */

/* Begin XCBuildConfiguration section */
		E93AB4071D77EF5D00A01135 /* Debug */ = {
			isa = XCBuildConfiguration;
			buildSettings = {
				ALWAYS_SEARCH_USER_PATHS = NO;
				CLANG_ANALYZER_NONNULL = YES;
				CLANG_CXX_LANGUAGE_STANDARD = "gnu++0x";
				CLANG_CXX_LIBRARY = "libc++";
				CLANG_ENABLE_MODULES = YES;
				CLANG_ENABLE_OBJC_ARC = YES;
				CLANG_WARN_BOOL_CONVERSION = YES;
				CLANG_WARN_CONSTANT_CONVERSION = YES;
				CLANG_WARN_DIRECT_OBJC_ISA_USAGE = YES_ERROR;
				CLANG_WARN_EMPTY_BODY = YES;
				CLANG_WARN_ENUM_CONVERSION = YES;
				CLANG_WARN_INFINITE_RECURSION = YES;
				CLANG_WARN_INT_CONVERSION = YES;
				CLANG_WARN_OBJC_ROOT_CLASS = YES_ERROR;
				CLANG_WARN_SUSPICIOUS_MOVE = YES;
				CLANG_WARN_UNREACHABLE_CODE = YES;
				CLANG_WARN__DUPLICATE_METHOD_MATCH = YES;
				"CODE_SIGN_IDENTITY[sdk=iphoneos*]" = "iPhone Developer";
				COPY_PHASE_STRIP = NO;
				DEBUG_INFORMATION_FORMAT = dwarf;
				ENABLE_STRICT_OBJC_MSGSEND = YES;
				ENABLE_TESTABILITY = YES;
				GCC_C_LANGUAGE_STANDARD = gnu99;
				GCC_DYNAMIC_NO_PIC = NO;
				GCC_NO_COMMON_BLOCKS = YES;
				GCC_OPTIMIZATION_LEVEL = 0;
				GCC_PREPROCESSOR_DEFINITIONS = (
					"DEBUG=1",
					"$(inherited)",
				);
				GCC_WARN_64_TO_32_BIT_CONVERSION = YES;
				GCC_WARN_ABOUT_RETURN_TYPE = YES_ERROR;
				GCC_WARN_UNDECLARED_SELECTOR = YES;
				GCC_WARN_UNINITIALIZED_AUTOS = YES_AGGRESSIVE;
				GCC_WARN_UNUSED_FUNCTION = YES;
				GCC_WARN_UNUSED_VARIABLE = YES;
				IPHONEOS_DEPLOYMENT_TARGET = 9.3;
				MTL_ENABLE_DEBUG_INFO = YES;
				ONLY_ACTIVE_ARCH = YES;
				SDKROOT = iphoneos;
				SWIFT_OPTIMIZATION_LEVEL = "-Onone";
				TARGETED_DEVICE_FAMILY = "1,2";
			};
			name = Debug;
		};
		E93AB4081D77EF5D00A01135 /* Release */ = {
			isa = XCBuildConfiguration;
			buildSettings = {
				ALWAYS_SEARCH_USER_PATHS = NO;
				CLANG_ANALYZER_NONNULL = YES;
				CLANG_CXX_LANGUAGE_STANDARD = "gnu++0x";
				CLANG_CXX_LIBRARY = "libc++";
				CLANG_ENABLE_MODULES = YES;
				CLANG_ENABLE_OBJC_ARC = YES;
				CLANG_WARN_BOOL_CONVERSION = YES;
				CLANG_WARN_CONSTANT_CONVERSION = YES;
				CLANG_WARN_DIRECT_OBJC_ISA_USAGE = YES_ERROR;
				CLANG_WARN_EMPTY_BODY = YES;
				CLANG_WARN_ENUM_CONVERSION = YES;
				CLANG_WARN_INFINITE_RECURSION = YES;
				CLANG_WARN_INT_CONVERSION = YES;
				CLANG_WARN_OBJC_ROOT_CLASS = YES_ERROR;
				CLANG_WARN_SUSPICIOUS_MOVE = YES;
				CLANG_WARN_UNREACHABLE_CODE = YES;
				CLANG_WARN__DUPLICATE_METHOD_MATCH = YES;
				"CODE_SIGN_IDENTITY[sdk=iphoneos*]" = "iPhone Developer";
				COPY_PHASE_STRIP = NO;
				DEBUG_INFORMATION_FORMAT = "dwarf-with-dsym";
				ENABLE_NS_ASSERTIONS = NO;
				ENABLE_STRICT_OBJC_MSGSEND = YES;
				GCC_C_LANGUAGE_STANDARD = gnu99;
				GCC_NO_COMMON_BLOCKS = YES;
				GCC_WARN_64_TO_32_BIT_CONVERSION = YES;
				GCC_WARN_ABOUT_RETURN_TYPE = YES_ERROR;
				GCC_WARN_UNDECLARED_SELECTOR = YES;
				GCC_WARN_UNINITIALIZED_AUTOS = YES_AGGRESSIVE;
				GCC_WARN_UNUSED_FUNCTION = YES;
				GCC_WARN_UNUSED_VARIABLE = YES;
				IPHONEOS_DEPLOYMENT_TARGET = 9.3;
				MTL_ENABLE_DEBUG_INFO = NO;
				SDKROOT = iphoneos;
				SWIFT_OPTIMIZATION_LEVEL = "-Owholemodule";
				TARGETED_DEVICE_FAMILY = "1,2";
				VALIDATE_PRODUCT = YES;
			};
			name = Release;
		};
		E93AB40A1D77EF5D00A01135 /* Debug */ = {
			isa = XCBuildConfiguration;
			buildSettings = {
				ASSETCATALOG_COMPILER_APPICON_NAME = AppIcon;
				DEVELOPMENT_TEAM = WG7HYH9JN3;
				INFOPLIST_FILE = OnTheMap/Info.plist;
				LD_RUNPATH_SEARCH_PATHS = "$(inherited) @executable_path/Frameworks";
				PRODUCT_BUNDLE_IDENTIFIER = com.myang.OnTheMap;
				PRODUCT_NAME = "$(TARGET_NAME)";
				SWIFT_VERSION = 3.0;
			};
			name = Debug;
		};
		E93AB40B1D77EF5D00A01135 /* Release */ = {
			isa = XCBuildConfiguration;
			buildSettings = {
				ASSETCATALOG_COMPILER_APPICON_NAME = AppIcon;
				DEVELOPMENT_TEAM = WG7HYH9JN3;
				INFOPLIST_FILE = OnTheMap/Info.plist;
				LD_RUNPATH_SEARCH_PATHS = "$(inherited) @executable_path/Frameworks";
				PRODUCT_BUNDLE_IDENTIFIER = com.myang.OnTheMap;
				PRODUCT_NAME = "$(TARGET_NAME)";
				SWIFT_VERSION = 3.0;
			};
			name = Release;
		};
		E93AB40D1D77EF5D00A01135 /* Debug */ = {
			isa = XCBuildConfiguration;
			buildSettings = {
				BUNDLE_LOADER = "$(TEST_HOST)";
				INFOPLIST_FILE = OnTheMapTests/Info.plist;
				LD_RUNPATH_SEARCH_PATHS = "$(inherited) @executable_path/Frameworks @loader_path/Frameworks";
				PRODUCT_BUNDLE_IDENTIFIER = com.myang.OnTheMapTests;
				PRODUCT_NAME = "$(TARGET_NAME)";
				SWIFT_VERSION = 3.0;
				TEST_HOST = "$(BUILT_PRODUCTS_DIR)/OnTheMap.app/OnTheMap";
			};
			name = Debug;
		};
		E93AB40E1D77EF5D00A01135 /* Release */ = {
			isa = XCBuildConfiguration;
			buildSettings = {
				BUNDLE_LOADER = "$(TEST_HOST)";
				INFOPLIST_FILE = OnTheMapTests/Info.plist;
				LD_RUNPATH_SEARCH_PATHS = "$(inherited) @executable_path/Frameworks @loader_path/Frameworks";
				PRODUCT_BUNDLE_IDENTIFIER = com.myang.OnTheMapTests;
				PRODUCT_NAME = "$(TARGET_NAME)";
				SWIFT_VERSION = 3.0;
				TEST_HOST = "$(BUILT_PRODUCTS_DIR)/OnTheMap.app/OnTheMap";
			};
			name = Release;
		};
		E93AB4101D77EF5D00A01135 /* Debug */ = {
			isa = XCBuildConfiguration;
			buildSettings = {
				INFOPLIST_FILE = OnTheMapUITests/Info.plist;
				LD_RUNPATH_SEARCH_PATHS = "$(inherited) @executable_path/Frameworks @loader_path/Frameworks";
				PRODUCT_BUNDLE_IDENTIFIER = com.myang.OnTheMapUITests;
				PRODUCT_NAME = "$(TARGET_NAME)";
				SWIFT_VERSION = 3.0;
				TEST_TARGET_NAME = OnTheMap;
			};
			name = Debug;
		};
		E93AB4111D77EF5D00A01135 /* Release */ = {
			isa = XCBuildConfiguration;
			buildSettings = {
				INFOPLIST_FILE = OnTheMapUITests/Info.plist;
				LD_RUNPATH_SEARCH_PATHS = "$(inherited) @executable_path/Frameworks @loader_path/Frameworks";
				PRODUCT_BUNDLE_IDENTIFIER = com.myang.OnTheMapUITests;
				PRODUCT_NAME = "$(TARGET_NAME)";
				SWIFT_VERSION = 3.0;
				TEST_TARGET_NAME = OnTheMap;
			};
			name = Release;
		};
/* End XCBuildConfiguration section */

/* Begin XCConfigurationList section */
		E93AB3DC1D77EF5D00A01135 /* Build configuration list for PBXProject "OnTheMap" */ = {
			isa = XCConfigurationList;
			buildConfigurations = (
				E93AB4071D77EF5D00A01135 /* Debug */,
				E93AB4081D77EF5D00A01135 /* Release */,
			);
			defaultConfigurationIsVisible = 0;
			defaultConfigurationName = Release;
		};
		E93AB4091D77EF5D00A01135 /* Build configuration list for PBXNativeTarget "OnTheMap" */ = {
			isa = XCConfigurationList;
			buildConfigurations = (
				E93AB40A1D77EF5D00A01135 /* Debug */,
				E93AB40B1D77EF5D00A01135 /* Release */,
			);
			defaultConfigurationIsVisible = 0;
			defaultConfigurationName = Release;
		};
		E93AB40C1D77EF5D00A01135 /* Build configuration list for PBXNativeTarget "OnTheMapTests" */ = {
			isa = XCConfigurationList;
			buildConfigurations = (
				E93AB40D1D77EF5D00A01135 /* Debug */,
				E93AB40E1D77EF5D00A01135 /* Release */,
			);
			defaultConfigurationIsVisible = 0;
			defaultConfigurationName = Release;
		};
		E93AB40F1D77EF5D00A01135 /* Build configuration list for PBXNativeTarget "OnTheMapUITests" */ = {
			isa = XCConfigurationList;
			buildConfigurations = (
				E93AB4101D77EF5D00A01135 /* Debug */,
				E93AB4111D77EF5D00A01135 /* Release */,
			);
			defaultConfigurationIsVisible = 0;
			defaultConfigurationName = Release;
		};
/* End XCConfigurationList section */
	};
	rootObject = E93AB3D91D77EF5D00A01135 /* Project object */;
}
